
Microsoft Visual Studio Solution File, Format Version 12.00
# Visual Studio Version 16
VisualStudioVersion = 16.0.29926.136
MinimumVisualStudioVersion = 10.0.40219.1
Project("{FAE04EC0-301F-11D3-BF4B-00C04F79EFBC}") = "AlpacaAccountHub", "AlpacaAccountHub\AlpacaAccountHub.csproj", "{EFD5EBA2-9E1F-4F52-A1D7-AD5976F1821B}"
EndProject
Global
	GlobalSection(SolutionConfigurationPlatforms) = preSolution
		Debug|Any CPU = Debug|Any CPU
		Release|Any CPU = Release|Any CPU
	EndGlobalSection
	GlobalSection(ProjectConfigurationPlatforms) = postSolution
		{EFD5EBA2-9E1F-4F52-A1D7-AD5976F1821B}.Debug|Any CPU.ActiveCfg = Debug|Any CPU
		{EFD5EBA2-9E1F-4F52-A1D7-AD5976F1821B}.Debug|Any CPU.Build.0 = Debug|Any CPU
		{EFD5EBA2-9E1F-4F52-A1D7-AD5976F1821B}.Release|Any CPU.ActiveCfg = Release|Any CPU
		{EFD5EBA2-9E1F-4F52-A1D7-AD5976F1821B}.Release|Any CPU.Build.0 = Release|Any CPU
	EndGlobalSection
	GlobalSection(SolutionProperties) = preSolution
		HideSolutionNode = FALSE
	EndGlobalSection
	GlobalSection(ExtensibilityGlobals) = postSolution
		SolutionGuid = {119F4CE1-EDD1-427F-BA94-4A50D0F42A9A}
	EndGlobalSection
EndGlobal
